// !$*UTF8*$!
{
	archiveVersion = 1;
	classes = {
	};
	objectVersion = 56;
	objects = {

/* Begin PBXBuildFile section */
		2B4DC2622BB5BB39009F62F5 /* CarnageApp.swift in Sources */ = {isa = PBXBuildFile; fileRef = 2B4DC2612BB5BB39009F62F5 /* CarnageApp.swift */; };
		2B4DC2642BB5BB39009F62F5 /* ContentView.swift in Sources */ = {isa = PBXBuildFile; fileRef = 2B4DC2632BB5BB39009F62F5 /* ContentView.swift */; };
		2B4DC2662BB5BB3B009F62F5 /* Assets.xcassets in Resources */ = {isa = PBXBuildFile; fileRef = 2B4DC2652BB5BB3B009F62F5 /* Assets.xcassets */; };
		2B4DC2692BB5BB3B009F62F5 /* Preview Assets.xcassets in Resources */ = {isa = PBXBuildFile; fileRef = 2B4DC2682BB5BB3B009F62F5 /* Preview Assets.xcassets */; };
		2B4DC2732BB5BD46009F62F5 /* SplashView.swift in Sources */ = {isa = PBXBuildFile; fileRef = 2B4DC2722BB5BD46009F62F5 /* SplashView.swift */; };
		2B4DC2752BB67772009F62F5 /* HomeView.swift in Sources */ = {isa = PBXBuildFile; fileRef = 2B4DC2742BB67772009F62F5 /* HomeView.swift */; };
		2B4DC2772BB73B07009F62F5 /* AllProductsView.swift in Sources */ = {isa = PBXBuildFile; fileRef = 2B4DC2762BB73B07009F62F5 /* AllProductsView.swift */; };
		2B4DC2792BB75233009F62F5 /* ProductModel.swift in Sources */ = {isa = PBXBuildFile; fileRef = 2B4DC2782BB75233009F62F5 /* ProductModel.swift */; };
		2B4DC27C2BB752DE009F62F5 /* Alamofire in Frameworks */ = {isa = PBXBuildFile; productRef = 2B4DC27B2BB752DE009F62F5 /* Alamofire */; };
		2B4DC27E2BB752DE009F62F5 /* AlamofireDynamic in Frameworks */ = {isa = PBXBuildFile; productRef = 2B4DC27D2BB752DE009F62F5 /* AlamofireDynamic */; };
		2B4DC2802BB760C2009F62F5 /* ProductViewModel.swift in Sources */ = {isa = PBXBuildFile; fileRef = 2B4DC27F2BB760C2009F62F5 /* ProductViewModel.swift */; };
		2B4DC2822BB8428F009F62F5 /* MyCartView.swift in Sources */ = {isa = PBXBuildFile; fileRef = 2B4DC2812BB8428F009F62F5 /* MyCartView.swift */; };
		2B4DC2842BB842DA009F62F5 /* SingleProductView.swift in Sources */ = {isa = PBXBuildFile; fileRef = 2B4DC2832BB842DA009F62F5 /* SingleProductView.swift */; };
		2B4DC2862BB93FD9009F62F5 /* CheckoutView.swift in Sources */ = {isa = PBXBuildFile; fileRef = 2B4DC2852BB93FD9009F62F5 /* CheckoutView.swift */; };
/* End PBXBuildFile section */

/* Begin PBXFileReference section */
		2B4DC25E2BB5BB39009F62F5 /* Carnage.app */ = {isa = PBXFileReference; explicitFileType = wrapper.application; includeInIndex = 0; path = Carnage.app; sourceTree = BUILT_PRODUCTS_DIR; };
		2B4DC2612BB5BB39009F62F5 /* CarnageApp.swift */ = {isa = PBXFileReference; lastKnownFileType = sourcecode.swift; path = CarnageApp.swift; sourceTree = "<group>"; };
		2B4DC2632BB5BB39009F62F5 /* ContentView.swift */ = {isa = PBXFileReference; lastKnownFileType = sourcecode.swift; path = ContentView.swift; sourceTree = "<group>"; };
		2B4DC2652BB5BB3B009F62F5 /* Assets.xcassets */ = {isa = PBXFileReference; lastKnownFileType = folder.assetcatalog; path = Assets.xcassets; sourceTree = "<group>"; };
		2B4DC2682BB5BB3B009F62F5 /* Preview Assets.xcassets */ = {isa = PBXFileReference; lastKnownFileType = folder.assetcatalog; path = "Preview Assets.xcassets"; sourceTree = "<group>"; };
		2B4DC2722BB5BD46009F62F5 /* SplashView.swift */ = {isa = PBXFileReference; lastKnownFileType = sourcecode.swift; path = SplashView.swift; sourceTree = "<group>"; };
		2B4DC2742BB67772009F62F5 /* HomeView.swift */ = {isa = PBXFileReference; lastKnownFileType = sourcecode.swift; path = HomeView.swift; sourceTree = "<group>"; };
		2B4DC2762BB73B07009F62F5 /* AllProductsView.swift */ = {isa = PBXFileReference; lastKnownFileType = sourcecode.swift; path = AllProductsView.swift; sourceTree = "<group>"; };
		2B4DC2782BB75233009F62F5 /* ProductModel.swift */ = {isa = PBXFileReference; lastKnownFileType = sourcecode.swift; path = ProductModel.swift; sourceTree = "<group>"; };
		2B4DC27F2BB760C2009F62F5 /* ProductViewModel.swift */ = {isa = PBXFileReference; lastKnownFileType = sourcecode.swift; path = ProductViewModel.swift; sourceTree = "<group>"; };
		2B4DC2812BB8428F009F62F5 /* MyCartView.swift */ = {isa = PBXFileReference; lastKnownFileType = sourcecode.swift; path = MyCartView.swift; sourceTree = "<group>"; };
		2B4DC2832BB842DA009F62F5 /* SingleProductView.swift */ = {isa = PBXFileReference; lastKnownFileType = sourcecode.swift; path = SingleProductView.swift; sourceTree = "<group>"; };
		2B4DC2852BB93FD9009F62F5 /* CheckoutView.swift */ = {isa = PBXFileReference; lastKnownFileType = sourcecode.swift; path = CheckoutView.swift; sourceTree = "<group>"; };
/* End PBXFileReference section */

/* Begin PBXFrameworksBuildPhase section */
		2B4DC25B2BB5BB39009F62F5 /* Frameworks */ = {
			isa = PBXFrameworksBuildPhase;
			buildActionMask = 2147483647;
			files = (
				2B4DC27C2BB752DE009F62F5 /* Alamofire in Frameworks */,
				2B4DC27E2BB752DE009F62F5 /* AlamofireDynamic in Frameworks */,
			);
			runOnlyForDeploymentPostprocessing = 0;
		};
/* End PBXFrameworksBuildPhase section */

/* Begin PBXGroup section */
		2B4DC2552BB5BB39009F62F5 = {
			isa = PBXGroup;
			children = (
				2B4DC2602BB5BB39009F62F5 /* Carnage */,
				2B4DC25F2BB5BB39009F62F5 /* Products */,
			);
			sourceTree = "<group>";
		};
		2B4DC25F2BB5BB39009F62F5 /* Products */ = {
			isa = PBXGroup;
			children = (
				2B4DC25E2BB5BB39009F62F5 /* Carnage.app */,
			);
			name = Products;
			sourceTree = "<group>";
		};
		2B4DC2602BB5BB39009F62F5 /* Carnage */ = {
			isa = PBXGroup;
			children = (
				2B4DC2712BB5BD06009F62F5 /* ViewModel */,
				2B4DC2702BB5BCFA009F62F5 /* Model */,
				2B4DC2612BB5BB39009F62F5 /* CarnageApp.swift */,
				2B4DC26F2BB5BCDB009F62F5 /* View */,
				2B4DC2632BB5BB39009F62F5 /* ContentView.swift */,
				2B4DC2652BB5BB3B009F62F5 /* Assets.xcassets */,
				2B4DC2672BB5BB3B009F62F5 /* Preview Content */,
			);
			path = Carnage;
			sourceTree = "<group>";
		};
		2B4DC2672BB5BB3B009F62F5 /* Preview Content */ = {
			isa = PBXGroup;
			children = (
				2B4DC2682BB5BB3B009F62F5 /* Preview Assets.xcassets */,
			);
			path = "Preview Content";
			sourceTree = "<group>";
		};
		2B4DC26F2BB5BCDB009F62F5 /* View */ = {
			isa = PBXGroup;
			children = (
				2B4DC2722BB5BD46009F62F5 /* SplashView.swift */,
				2B4DC2742BB67772009F62F5 /* HomeView.swift */,
				2B4DC2762BB73B07009F62F5 /* AllProductsView.swift */,
				2B4DC2812BB8428F009F62F5 /* MyCartView.swift */,
				2B4DC2832BB842DA009F62F5 /* SingleProductView.swift */,
				2B4DC2852BB93FD9009F62F5 /* CheckoutView.swift */,
			);
			path = View;
			sourceTree = "<group>";
		};
		2B4DC2702BB5BCFA009F62F5 /* Model */ = {
			isa = PBXGroup;
			children = (
				2B4DC2782BB75233009F62F5 /* ProductModel.swift */,
			);
			path = Model;
			sourceTree = "<group>";
		};
		2B4DC2712BB5BD06009F62F5 /* ViewModel */ = {
			isa = PBXGroup;
			children = (
				2B4DC27F2BB760C2009F62F5 /* ProductViewModel.swift */,
			);
			path = ViewModel;
			sourceTree = "<group>";
		};
/* End PBXGroup section */

/* Begin PBXNativeTarget section */
		2B4DC25D2BB5BB39009F62F5 /* Carnage */ = {
			isa = PBXNativeTarget;
			buildConfigurationList = 2B4DC26C2BB5BB3B009F62F5 /* Build configuration list for PBXNativeTarget "Carnage" */;
			buildPhases = (
				2B4DC25A2BB5BB39009F62F5 /* Sources */,
				2B4DC25B2BB5BB39009F62F5 /* Frameworks */,
				2B4DC25C2BB5BB39009F62F5 /* Resources */,
			);
			buildRules = (
			);
			dependencies = (
			);
			name = Carnage;
			packageProductDependencies = (
				2B4DC27B2BB752DE009F62F5 /* Alamofire */,
				2B4DC27D2BB752DE009F62F5 /* AlamofireDynamic */,
			);
			productName = Carnage;
			productReference = 2B4DC25E2BB5BB39009F62F5 /* Carnage.app */;
			productType = "com.apple.product-type.application";
		};
/* End PBXNativeTarget section */

/* Begin PBXProject section */
		2B4DC2562BB5BB39009F62F5 /* Project object */ = {
			isa = PBXProject;
			attributes = {
				BuildIndependentTargetsInParallel = 1;
				LastSwiftUpdateCheck = 1510;
				LastUpgradeCheck = 1510;
				TargetAttributes = {
					2B4DC25D2BB5BB39009F62F5 = {
						CreatedOnToolsVersion = 15.1;
					};
				};
			};
			buildConfigurationList = 2B4DC2592BB5BB39009F62F5 /* Build configuration list for PBXProject "Carnage" */;
			compatibilityVersion = "Xcode 14.0";
			developmentRegion = en;
			hasScannedForEncodings = 0;
			knownRegions = (
				en,
				Base,
			);
			mainGroup = 2B4DC2552BB5BB39009F62F5;
			packageReferences = (
				2B4DC27A2BB752DE009F62F5 /* XCRemoteSwiftPackageReference "Alamofire" */,
			);
			productRefGroup = 2B4DC25F2BB5BB39009F62F5 /* Products */;
			projectDirPath = "";
			projectRoot = "";
			targets = (
				2B4DC25D2BB5BB39009F62F5 /* Carnage */,
			);
		};
/* End PBXProject section */

/* Begin PBXResourcesBuildPhase section */
		2B4DC25C2BB5BB39009F62F5 /* Resources */ = {
			isa = PBXResourcesBuildPhase;
			buildActionMask = 2147483647;
			files = (
				2B4DC2692BB5BB3B009F62F5 /* Preview Assets.xcassets in Resources */,
				2B4DC2662BB5BB3B009F62F5 /* Assets.xcassets in Resources */,
			);
			runOnlyForDeploymentPostprocessing = 0;
		};
/* End PBXResourcesBuildPhase section */

/* Begin PBXSourcesBuildPhase section */
		2B4DC25A2BB5BB39009F62F5 /* Sources */ = {
			isa = PBXSourcesBuildPhase;
			buildActionMask = 2147483647;
			files = (
				2B4DC2802BB760C2009F62F5 /* ProductViewModel.swift in Sources */,
				2B4DC2642BB5BB39009F62F5 /* ContentView.swift in Sources */,
				2B4DC2862BB93FD9009F62F5 /* CheckoutView.swift in Sources */,
				2B4DC2792BB75233009F62F5 /* ProductModel.swift in Sources */,
				2B4DC2842BB842DA009F62F5 /* SingleProductView.swift in Sources */,
				2B4DC2772BB73B07009F62F5 /* AllProductsView.swift in Sources */,
				2B4DC2752BB67772009F62F5 /* HomeView.swift in Sources */,
				2B4DC2622BB5BB39009F62F5 /* CarnageApp.swift in Sources */,
				2B4DC2822BB8428F009F62F5 /* MyCartView.swift in Sources */,
				2B4DC2732BB5BD46009F62F5 /* SplashView.swift in Sources */,
			);
			runOnlyForDeploymentPostprocessing = 0;
		};
/* End PBXSourcesBuildPhase section */

/* Begin XCBuildConfiguration section */
		2B4DC26A2BB5BB3B009F62F5 /* Debug */ = {
			isa = XCBuildConfiguration;
			buildSettings = {
				ALWAYS_SEARCH_USER_PATHS = NO;
				ASSETCATALOG_COMPILER_GENERATE_SWIFT_ASSET_SYMBOL_EXTENSIONS = YES;
				CLANG_ANALYZER_NONNULL = YES;
				CLANG_ANALYZER_NUMBER_OBJECT_CONVERSION = YES_AGGRESSIVE;
				CLANG_CXX_LANGUAGE_STANDARD = "gnu++20";
				CLANG_ENABLE_MODULES = YES;
				CLANG_ENABLE_OBJC_ARC = YES;
				CLANG_ENABLE_OBJC_WEAK = YES;
				CLANG_WARN_BLOCK_CAPTURE_AUTORELEASING = YES;
				CLANG_WARN_BOOL_CONVERSION = YES;
				CLANG_WARN_COMMA = YES;
				CLANG_WARN_CONSTANT_CONVERSION = YES;
				CLANG_WARN_DEPRECATED_OBJC_IMPLEMENTATIONS = YES;
				CLANG_WARN_DIRECT_OBJC_ISA_USAGE = YES_ERROR;
				CLANG_WARN_DOCUMENTATION_COMMENTS = YES;
				CLANG_WARN_EMPTY_BODY = YES;
				CLANG_WARN_ENUM_CONVERSION = YES;
				CLANG_WARN_INFINITE_RECURSION = YES;
				CLANG_WARN_INT_CONVERSION = YES;
				CLANG_WARN_NON_LITERAL_NULL_CONVERSION = YES;
				CLANG_WARN_OBJC_IMPLICIT_RETAIN_SELF = YES;
				CLANG_WARN_OBJC_LITERAL_CONVERSION = YES;
				CLANG_WARN_OBJC_ROOT_CLASS = YES_ERROR;
				CLANG_WARN_QUOTED_INCLUDE_IN_FRAMEWORK_HEADER = YES;
				CLANG_WARN_RANGE_LOOP_ANALYSIS = YES;
				CLANG_WARN_STRICT_PROTOTYPES = YES;
				CLANG_WARN_SUSPICIOUS_MOVE = YES;
				CLANG_WARN_UNGUARDED_AVAILABILITY = YES_AGGRESSIVE;
				CLANG_WARN_UNREACHABLE_CODE = YES;
				CLANG_WARN__DUPLICATE_METHOD_MATCH = YES;
				COPY_PHASE_STRIP = NO;
				DEBUG_INFORMATION_FORMAT = dwarf;
				ENABLE_STRICT_OBJC_MSGSEND = YES;
				ENABLE_TESTABILITY = YES;
				ENABLE_USER_SCRIPT_SANDBOXING = YES;
				GCC_C_LANGUAGE_STANDARD = gnu17;
				GCC_DYNAMIC_NO_PIC = NO;
				GCC_NO_COMMON_BLOCKS = YES;
				GCC_OPTIMIZATION_LEVEL = 0;
				GCC_PREPROCESSOR_DEFINITIONS = (
					"DEBUG=1",
					"$(inherited)",
				);
				GCC_WARN_64_TO_32_BIT_CONVERSION = YES;
				GCC_WARN_ABOUT_RETURN_TYPE = YES_ERROR;
				GCC_WARN_UNDECLARED_SELECTOR = YES;
				GCC_WARN_UNINITIALIZED_AUTOS = YES_AGGRESSIVE;
				GCC_WARN_UNUSED_FUNCTION = YES;
				GCC_WARN_UNUSED_VARIABLE = YES;
				IPHONEOS_DEPLOYMENT_TARGET = 17.2;
				LOCALIZATION_PREFERS_STRING_CATALOGS = YES;
				MTL_ENABLE_DEBUG_INFO = INCLUDE_SOURCE;
				MTL_FAST_MATH = YES;
				ONLY_ACTIVE_ARCH = YES;
				SDKROOT = iphoneos;
				SWIFT_ACTIVE_COMPILATION_CONDITIONS = "DEBUG $(inherited)";
				SWIFT_OPTIMIZATION_LEVEL = "-Onone";
			};
			name = Debug;
		};
		2B4DC26B2BB5BB3B009F62F5 /* Release */ = {
			isa = XCBuildConfiguration;
			buildSettings = {
				ALWAYS_SEARCH_USER_PATHS = NO;
				ASSETCATALOG_COMPILER_GENERATE_SWIFT_ASSET_SYMBOL_EXTENSIONS = YES;
				CLANG_ANALYZER_NONNULL = YES;
				CLANG_ANALYZER_NUMBER_OBJECT_CONVERSION = YES_AGGRESSIVE;
				CLANG_CXX_LANGUAGE_STANDARD = "gnu++20";
				CLANG_ENABLE_MODULES = YES;
				CLANG_ENABLE_OBJC_ARC = YES;
				CLANG_ENABLE_OBJC_WEAK = YES;
				CLANG_WARN_BLOCK_CAPTURE_AUTORELEASING = YES;
				CLANG_WARN_BOOL_CONVERSION = YES;
				CLANG_WARN_COMMA = YES;
				CLANG_WARN_CONSTANT_CONVERSION = YES;
				CLANG_WARN_DEPRECATED_OBJC_IMPLEMENTATIONS = YES;
				CLANG_WARN_DIRECT_OBJC_ISA_USAGE = YES_ERROR;
				CLANG_WARN_DOCUMENTATION_COMMENTS = YES;
				CLANG_WARN_EMPTY_BODY = YES;
				CLANG_WARN_ENUM_CONVERSION = YES;
				CLANG_WARN_INFINITE_RECURSION = YES;
				CLANG_WARN_INT_CONVERSION = YES;
				CLANG_WARN_NON_LITERAL_NULL_CONVERSION = YES;
				CLANG_WARN_OBJC_IMPLICIT_RETAIN_SELF = YES;
				CLANG_WARN_OBJC_LITERAL_CONVERSION = YES;
				CLANG_WARN_OBJC_ROOT_CLASS = YES_ERROR;
				CLANG_WARN_QUOTED_INCLUDE_IN_FRAMEWORK_HEADER = YES;
				CLANG_WARN_RANGE_LOOP_ANALYSIS = YES;
				CLANG_WARN_STRICT_PROTOTYPES = YES;
				CLANG_WARN_SUSPICIOUS_MOVE = YES;
				CLANG_WARN_UNGUARDED_AVAILABILITY = YES_AGGRESSIVE;
				CLANG_WARN_UNREACHABLE_CODE = YES;
				CLANG_WARN__DUPLICATE_METHOD_MATCH = YES;
				COPY_PHASE_STRIP = NO;
				DEBUG_INFORMATION_FORMAT = "dwarf-with-dsym";
				ENABLE_NS_ASSERTIONS = NO;
				ENABLE_STRICT_OBJC_MSGSEND = YES;
				ENABLE_USER_SCRIPT_SANDBOXING = YES;
				GCC_C_LANGUAGE_STANDARD = gnu17;
				GCC_NO_COMMON_BLOCKS = YES;
				GCC_WARN_64_TO_32_BIT_CONVERSION = YES;
				GCC_WARN_ABOUT_RETURN_TYPE = YES_ERROR;
				GCC_WARN_UNDECLARED_SELECTOR = YES;
				GCC_WARN_UNINITIALIZED_AUTOS = YES_AGGRESSIVE;
				GCC_WARN_UNUSED_FUNCTION = YES;
				GCC_WARN_UNUSED_VARIABLE = YES;
				IPHONEOS_DEPLOYMENT_TARGET = 17.2;
				LOCALIZATION_PREFERS_STRING_CATALOGS = YES;
				MTL_ENABLE_DEBUG_INFO = NO;
				MTL_FAST_MATH = YES;
				SDKROOT = iphoneos;
				SWIFT_COMPILATION_MODE = wholemodule;
				VALIDATE_PRODUCT = YES;
			};
			name = Release;
		};
		2B4DC26D2BB5BB3B009F62F5 /* Debug */ = {
			isa = XCBuildConfiguration;
			buildSettings = {
				ASSETCATALOG_COMPILER_APPICON_NAME = AppIcon;
				ASSETCATALOG_COMPILER_GLOBAL_ACCENT_COLOR_NAME = AccentColor;
				CODE_SIGN_STYLE = Automatic;
				CURRENT_PROJECT_VERSION = 1;
				DEVELOPMENT_ASSET_PATHS = "\"Carnage/Preview Content\"";
				DEVELOPMENT_TEAM = L477224CTW;
				ENABLE_PREVIEWS = YES;
				GENERATE_INFOPLIST_FILE = YES;
				INFOPLIST_KEY_UIApplicationSceneManifest_Generation = YES;
				INFOPLIST_KEY_UIApplicationSupportsIndirectInputEvents = YES;
				INFOPLIST_KEY_UILaunchScreen_Generation = YES;
				INFOPLIST_KEY_UISupportedInterfaceOrientations_iPad = "UIInterfaceOrientationPortrait UIInterfaceOrientationPortraitUpsideDown UIInterfaceOrientationLandscapeLeft UIInterfaceOrientationLandscapeRight";
				INFOPLIST_KEY_UISupportedInterfaceOrientations_iPhone = "UIInterfaceOrientationPortrait UIInterfaceOrientationLandscapeLeft UIInterfaceOrientationLandscapeRight";
				IPHONEOS_DEPLOYMENT_TARGET = 16.0;
				LD_RUNPATH_SEARCH_PATHS = (
					"$(inherited)",
					"@executable_path/Frameworks",
				);
				MARKETING_VERSION = 1.0;
				PRODUCT_BUNDLE_IDENTIFIER = com.lawrence.Carnage;
				PRODUCT_NAME = "$(TARGET_NAME)";
				SWIFT_EMIT_LOC_STRINGS = YES;
				SWIFT_VERSION = 5.0;
				TARGETED_DEVICE_FAMILY = "1,2";
			};
			name = Debug;
		};
		2B4DC26E2BB5BB3B009F62F5 /* Release */ = {
			isa = XCBuildConfiguration;
			buildSettings = {
				ASSETCATALOG_COMPILER_APPICON_NAME = AppIcon;
				ASSETCATALOG_COMPILER_GLOBAL_ACCENT_COLOR_NAME = AccentColor;
				CODE_SIGN_STYLE = Automatic;
				CURRENT_PROJECT_VERSION = 1;
				DEVELOPMENT_ASSET_PATHS = "\"Carnage/Preview Content\"";
				DEVELOPMENT_TEAM = L477224CTW;
				ENABLE_PREVIEWS = YES;
				GENERATE_INFOPLIST_FILE = YES;
				INFOPLIST_KEY_UIApplicationSceneManifest_Generation = YES;
				INFOPLIST_KEY_UIApplicationSupportsIndirectInputEvents = YES;
				INFOPLIST_KEY_UILaunchScreen_Generation = YES;
				INFOPLIST_KEY_UISupportedInterfaceOrientations_iPad = "UIInterfaceOrientationPortrait UIInterfaceOrientationPortraitUpsideDown UIInterfaceOrientationLandscapeLeft UIInterfaceOrientationLandscapeRight";
				INFOPLIST_KEY_UISupportedInterfaceOrientations_iPhone = "UIInterfaceOrientationPortrait UIInterfaceOrientationLandscapeLeft UIInterfaceOrientationLandscapeRight";
				IPHONEOS_DEPLOYMENT_TARGET = 16.0;
				LD_RUNPATH_SEARCH_PATHS = (
					"$(inherited)",
					"@executable_path/Frameworks",
				);
				MARKETING_VERSION = 1.0;
				PRODUCT_BUNDLE_IDENTIFIER = com.lawrence.Carnage;
				PRODUCT_NAME = "$(TARGET_NAME)";
				SWIFT_EMIT_LOC_STRINGS = YES;
				SWIFT_VERSION = 5.0;
				TARGETED_DEVICE_FAMILY = "1,2";
			};
			name = Release;
		};
/* End XCBuildConfiguration section */

/* Begin XCConfigurationList section */
		2B4DC2592BB5BB39009F62F5 /* Build configuration list for PBXProject "Carnage" */ = {
			isa = XCConfigurationList;
			buildConfigurations = (
				2B4DC26A2BB5BB3B009F62F5 /* Debug */,
				2B4DC26B2BB5BB3B009F62F5 /* Release */,
			);
			defaultConfigurationIsVisible = 0;
			defaultConfigurationName = Release;
		};
		2B4DC26C2BB5BB3B009F62F5 /* Build configuration list for PBXNativeTarget "Carnage" */ = {
			isa = XCConfigurationList;
			buildConfigurations = (
				2B4DC26D2BB5BB3B009F62F5 /* Debug */,
				2B4DC26E2BB5BB3B009F62F5 /* Release */,
			);
			defaultConfigurationIsVisible = 0;
			defaultConfigurationName = Release;
		};
/* End XCConfigurationList section */

/* Begin XCRemoteSwiftPackageReference section */
		2B4DC27A2BB752DE009F62F5 /* XCRemoteSwiftPackageReference "Alamofire" */ = {
			isa = XCRemoteSwiftPackageReference;
			repositoryURL = "https://github.com/Alamofire/Alamofire.git";
			requirement = {
				kind = upToNextMajorVersion;
				minimumVersion = 5.9.0;
			};
		};
/* End XCRemoteSwiftPackageReference section */

/* Begin XCSwiftPackageProductDependency section */
		2B4DC27B2BB752DE009F62F5 /* Alamofire */ = {
			isa = XCSwiftPackageProductDependency;
			package = 2B4DC27A2BB752DE009F62F5 /* XCRemoteSwiftPackageReference "Alamofire" */;
			productName = Alamofire;
		};
		2B4DC27D2BB752DE009F62F5 /* AlamofireDynamic */ = {
			isa = XCSwiftPackageProductDependency;
			package = 2B4DC27A2BB752DE009F62F5 /* XCRemoteSwiftPackageReference "Alamofire" */;
			productName = AlamofireDynamic;
		};
/* End XCSwiftPackageProductDependency section */
	};
	rootObject = 2B4DC2562BB5BB39009F62F5 /* Project object */;
}
